{
    "_meta": {
        "hash": {
            "sha256": "3607fb2603a7a6eff7ed1010736105b33b5a4481d8dc74c32d27c60df9a7a1c1"
        },
        "requires": {},
        "sources": [
            {
                "url": "https://pypi.python.org/simple",
                "verify_ssl": true
            }
        ]
    },
    "default": {
        "argcomplete": {
            "hash": "sha256:c2a0a88492c31a42dde41636fbd4c406cde78fe7fb938ab511b733bff6358782",
            "version": "==1.8.2"
        },
        "base58": {
            "hash": "sha256:97cb4dcbc7a81afb802f41033d5562b6c48633426a67bf41e4cad186f581158c",
            "version": "==0.2.4"
        },
        "boto3": {
            "hash": "sha256:5050c29353fec97301116386f469fa5858ccf47201623b53cf9f74e603bda52f",
            "version": "==1.4.4"
        },
        "botocore": {
            "hash": "sha256:9b32f68f5da90d0bea383dcf5178434143d7d82150bd77d3f48ebaecb5b1a524",
            "version": "==1.5.31"
        },
        "click": {
            "hash": "sha256:29f99fc6125fbc931b758dc053b3114e55c77a6e4c6c3a2674a2dc986016381d",
            "version": "==6.7"
        },
        "docutils": {
            "hash": "sha256:de454f1015958450b72641165c08afe7023cd7e3944396448f2fb1b0ccba9d77",
            "version": "==0.13.1"
        },
        "durationpy": {
            "hash": "sha256:8734b9f676b53b124d623f029d1d65d6364fd06d0eb2f1511ac053fabb853a61",
            "version": "==0.3"
        },
        "flask": {
            "hash": "sha256:6c3130c8927109a08225993e4e503de4ac4f2678678ae211b33b519c622a7242",
            "version": "==0.12.1"
        },
        "flask-env": {
            "hash": "sha256:5356d8ae1f3825c9f12a09015047b60ef062687c5b3c3222d3ef1a3c93d05d34",
            "version": "==1.0.1"
        },
        "flask-mysql": {
            "hash": "sha256:33389b2e74d7dccaf749a42d22dc6663e7f1467941c680ab215e1df51b5ca2d3",
            "version": "==1.4.0"
        },
        "flask-sqlalchemy": {
            "hash": "sha256:fa3bd6343de231b2b3376a276df6d331c63c766449b660fc04d375a1c21312ac",
            "version": "==2.2"
        },
        "futures": {
            "hash": "sha256:f7f16b6bf9653a918a03f1f2c2d62aac0cd64b1bc088e93ea279517f6b61120b",
            "version": "==3.0.5"
        },
        "hjson": {
            "hash": "sha256:877c27be17eafd14d71555ed97f79b4bd776e776b71fee807be2927f9cf8a651",
            "version": "==2.0.2"
        },
        "itsdangerous": {
            "hash": "sha256:cbb3fcf8d3e33df861709ecaf89d9e6629cff0a217bc2848f1b41cd30d360519",
            "version": "==0.24"
        },
        "jinja2": {
            "hash": "sha256:2231bace0dfd8d2bf1e5d7e41239c06c9e0ded46e70cc1094a0aa64b0afeb054",
            "version": "==2.9.6"
        },
        "jmespath": {
            "hash": "sha256:3f03b90ac8e0f3ba472e8ebff083e460c89501d8d41979771535efe9a343177e",
            "version": "==0.9.2"
        },
        "kappa": {
            "hash": "sha256:4d6b7b3accce4a0aaaac92b36237a6304f0f2fffbbe3caea3f7c9f52d12c9989",
            "version": "==0.6.0"
        },
        "lambda-packages": {
            "hash": "sha256:4f58ec2bd85603bd3d45806314100b027f46e24918b2bc8022579c7004612cd5",
            "version": "==0.14.2"
        },
        "markupsafe": {
            "hash": "sha256:a6be69091dac236ea9c6bc7d012beab42010fa914c459791d627dad4910eb665",
            "version": "==1.0"
        },
        "mysql-python": {
            "hash": "sha256:811040b647e5d5686f84db415efd697e6250008b112b6909ba77ac059e140c74",
            "version": "==1.2.5"
        },
        "placebo": {
            "hash": "sha256:8aa848b892924786fa5e37e75524e8ec039b7d54860d35c51ffb4ed3e30590c5",
            "version": "==0.8.1"
        },
        "pymysql": {
            "hash": "sha256:ac3dfb1f650582eca2e1e0701598bc04364ac464daa425cbbc26bb32ae54cdd5",
            "version": "==0.7.11"
        },
        "python-dateutil": {
            "hash": "sha256:537bf2a8f8ce6f6862ad705cd68f9e405c0b5db014aa40fa29eab4335d4b1716",
            "version": "==2.6.0"
        },
        "python-slugify": {
            "hash": "sha256:501182ec738cc8b743ae5c76c183f4427187ef016257f062b3fa594f60916e34",
            "version": "==1.2.1"
        },
        "pyyaml": {
            "hash": "sha256:592766c6303207a20efc445587778322d7f73b161bd994f227adaa341ba212ab",
            "version": "==3.12"
        },
        "requests": {
            "hash": "sha256:1a720e8862a41aa22e339373b526f508ef0c8988baf48b84d3fc891a8e237efb",
            "version": "==2.13.0"
        },
        "s3transfer": {
            "hash": "sha256:bc52f38637f37572ae180c08a2dd87a4825b46713797633aab6e1a42d6b2b8ff",
            "version": "==0.1.10"
        },
        "simplejson": {
            "hash": "sha256:953be622e88323c6f43fad61ffd05bebe73b9fd9863a46d68b052d2aa7d71ce2",
            "version": "==3.10.0"
        },
        "six": {
            "hash": "sha256:0ff78c403d9bccf5a425a6d31a12aa6b47f1c21ca4dc2573a7e2f32a97335eb1",
            "version": "==1.10.0"
        },
        "sqlalchemy": {
            "hash": "sha256:b65cdc73cd348448ef0164f6c77d45a9f27ca575d3c5d71ccc33adf684bc6ef0",
            "version": "==1.1.9"
        },
        "toml": {
            "hash": "sha256:b3953bffe848ad9a6d554114d82f2dcb3e23945e90b4d9addc9956f37f336594",
            "version": "==0.9.2"
        },
        "tqdm": {
            "hash": "sha256:1621b3476c2224045d8bd57209aab006612a46ae2cc518b4a92ad988983e4c3d",
            "version": "==4.11.2"
        },
        "troposphere": {
            "hash": "sha256:d35d95599d418a6ea566a8b413e90e514f92d7047571c390692a8aa7964c561b",
            "version": "==1.9.3"
        },
        "unidecode": {
            "hash": "sha256:eedac7bfd886f43484787206f6a141b232e2b2a58652c54d06499b187fd84660",
            "version": "==0.04.20"
        },
        "werkzeug": {
            "hash": "sha256:918322630c58fa52b89e14c45de3ad78514e18928dac726060bb89cd647f6b83",
            "version": "==0.12.1"
        },
        "wheel": {
            "hash": "sha256:ea8033fc9905804e652f75474d33410a07404c1a78dd3c949a66863bd1050ebd",
            "version": "==0.29.0"
        },
        "wsgi-request-logger": {
            "hash": "sha256:445d7ec52799562f812006394d0b4a7064b37084c6ea6bd74ea7a2136c97ed83",
            "version": "==0.4.6"
        },
        "zappa": {
            "hash": "sha256:9fc71912c69d28deb870a6a894319b11d778233d0b0c2655cc3aaa3d1182731a",
            "version": "==0.40.0"
        }
    },
    "develop": {
        "appdirs": {
            "hash": "sha256:d8b24664561d0d34ddfaec54636d502d7cea6e29c3eaf68f3df6180863e2166e",
            "version": "==1.4.3"
        },
        "appnope": {
            "hash": "sha256:5b26757dc6f79a3b7dc9fab95359328d5747fcb2409d331ea66d0272b90ab2a0",
            "version": "==0.1.0"
        },
        "astroid": {
            "hash": "sha256:9c19f72d865a539e91115cdb6a293b5c2fecb5f611fad38b21a961a925c2e3f1",
            "version": "==1.5.2"
        },
        "autopep8": {
            "hash": "sha256:405eaa5199c74a0570125916e6af44d39343c1fcaaafee117fc329a3f86048c4",
            "version": "==1.3.1"
        },
        "awscli": {
            "hash": "sha256:17d9e0ed1afa7c1a0386d7becadb74097d6feaed4790e4a38c57d15a9e45ce2a",
            "version": "==1.11.78"
        },
        "backports.functools-lru-cache": {
            "hash": "sha256:ac661058b4b9c770c0f045a71cf3cafedd1be11071d6116201ee5d7245c61034",
            "version": "==1.3"
        },
        "backports.shutil-get-terminal-size": {
            "hash": "sha256:0975ba55054c15e346944b38956a4c9cbee9009391e41b86c68990effb8c1f64",
            "version": "==1.0.0"
        },
        "botocore": {
            "hash": "sha256:0a465fd2de0345d8e921350cace9dd231f2773c4cb3827e1d6f83d5240431ce4",
            "version": "==1.5.41"
        },
        "colorama": {
            "hash": "sha256:a4c0f5bc358a62849653471e309dcc991223cf86abafbec17cd8f41327279e89",
            "version": "==0.3.7"
        },
        "configparser": {
            "hash": "sha256:5308b47021bc2340965c371f0f058cc6971a04502638d4244225c49d80db273a",
            "version": "==3.5.0"
        },
        "decorator": {
            "hash": "sha256:73cbaadb8bc4e3c65fe1100773d56331a2d756cc0f5c7b9d8d5d5223fe04f600",
            "version": "==4.0.11"
        },
        "docutils": {
            "hash": "sha256:de454f1015958450b72641165c08afe7023cd7e3944396448f2fb1b0ccba9d77",
            "version": "==0.13.1"
        },
        "enum34": {
            "hash": "sha256:6bd0f6ad48ec2aa117d3d141940d484deccda84d4fcd884f5c3d93c23ecd8c79",
            "version": "==1.1.6"
        },
        "futures": {
            "hash": "sha256:c4884a65654a7c45435063e14ae85280eb1f111d94e542396717ba9828c4337f",
            "version": "==3.1.1"
        },
        "ipython": {
            "hash": "sha256:fb342e89069c9ef176063b14888d7fe774253762f1eda19f09332f1440e6f3c7",
            "version": "==5.3.0"
        },
        "ipython-genutils": {
            "hash": "sha256:72dd37233799e619666c9f639a9da83c34013a73e8bbc79a7a6348d93c61fab8",
            "version": "==0.2.0"
        },
        "isort": {
            "hash": "sha256:a0c38c1c5e4c70ea1141daa80c740372ad94351e92e9e07da1cd86ce65653dc4",
            "version": "==4.2.5"
        },
        "jmespath": {
            "hash": "sha256:3f03b90ac8e0f3ba472e8ebff083e460c89501d8d41979771535efe9a343177e",
            "version": "==0.9.2"
        },
        "lazy-object-proxy": {
            "hash": "sha256:ddd4cf1c74279c349cb7b9c54a2efa5105854f57de5f2d35829ee93631564268",
            "version": "==1.2.2"
        },
        "mccabe": {
            "hash": "sha256:ab8a6258860da4b6677da4bd2fe5dc2c659cff31b3ee4f7f5d64e79735b80d42",
            "version": "==0.6.1"
        },
        "packaging": {
            "hash": "sha256:99276dc6e3a7851f32027a68f1095cd3f77c148091b092ea867a351811cfe388",
            "version": "==16.8"
        },
        "pathlib2": {
            "hash": "sha256:31b7bac38144612b18fb55adc4285e34a766ae64fdb1200c72e0b0cdd632ef4b",
            "version": "==2.2.1"
        },
        "pexpect": {
            "hash": "sha256:f853b52afaf3b064d29854771e2db509ef80392509bde2dd7a6ecf2dfc3f0018",
            "version": "==4.2.1"
        },
        "pickleshare": {
            "hash": "sha256:c9a2541f25aeabc070f12f452e1f2a8eae2abd51e1cd19e8430402bdf4c1d8b5",
            "version": "==0.7.4"
        },
        "prompt-toolkit": {
            "hash": "sha256:82c7f8e07d7a0411ff5367a5a8ff520f0112b9179f3e599ee8ad2ad9b943d911",
            "version": "==1.0.14"
        },
        "ptyprocess": {
            "hash": "sha256:464cb76f7a7122743dd25507650db89cd447c51f38e4671602b3eaa2e38e05ae",
            "version": "==0.5.1"
        },
        "pyasn1": {
            "hash": "sha256:0439b9bd518418260c2641a571f0e07fce4370cab13b68f19b5e023306c03cad",
            "version": "==0.2.3"
        },
        "pycodestyle": {
            "hash": "sha256:6c4245ade1edfad79c3446fadfc96b0de2759662dc29d07d80a6f27ad1ca6ba9",
            "version": "==2.3.1"
        },
        "pygments": {
            "hash": "sha256:78f3f434bcc5d6ee09020f92ba487f95ba50f1e3ef83ae96b9d5ffa1bab25c5d",
            "version": "==2.2.0"
        },
        "pylint": {
            "hash": "sha256:402931e0b15ac2fa05387a125cb049aba4fcd841c362613c6ad1675e0e5135d8",
            "version": "==1.7.1"
        },
        "pyparsing": {
            "hash": "sha256:fee43f17a9c4087e7ed1605bd6df994c6173c1e977d7ade7b651292fab2bd010",
            "version": "==2.2.0"
        },
        "python-dateutil": {
            "hash": "sha256:537bf2a8f8ce6f6862ad705cd68f9e405c0b5db014aa40fa29eab4335d4b1716",
            "version": "==2.6.0"
        },
        "pyyaml": {
            "hash": "sha256:592766c6303207a20efc445587778322d7f73b161bd994f227adaa341ba212ab",
            "version": "==3.12"
        },
        "rsa": {
            "hash": "sha256:43f682fea81c452c98d09fc316aae12de6d30c4b5c84226642cf8f8fd1c93abd",
            "version": "==3.4.2"
        },
        "s3transfer": {
            "hash": "sha256:bc52f38637f37572ae180c08a2dd87a4825b46713797633aab6e1a42d6b2b8ff",
            "version": "==0.1.10"
        },
        "scandir": {
            "hash": "sha256:c2612d1a487d80fb4701b4a91ca1b8f8a695b1ae820570815e85e8c8b23f1283",
            "version": "==1.5"
        },
        "setuptools": {
            "hash": "sha256:33a7b7910651bea57164c6c6dd66a2b1c5196c0f78ee2ff7319ce7bd031714c0",
            "version": "==35.0.1"
        },
        "simplegeneric": {
            "hash": "sha256:dc972e06094b9af5b855b3df4a646395e43d1c9d0d39ed345b7393560d0b9173",
            "version": "==0.8.1"
        },
        "singledispatch": {
            "hash": "sha256:833b46966687b3de7f438c761ac475213e53b306740f1abfaa86e1d1aae56aa8",
            "version": "==3.4.0.3"
        },
        "six": {
            "hash": "sha256:0ff78c403d9bccf5a425a6d31a12aa6b47f1c21ca4dc2573a7e2f32a97335eb1",
            "version": "==1.10.0"
        },
        "traitlets": {
            "hash": "sha256:c6cb5e6f57c5a9bdaa40fa71ce7b4af30298fbab9ece9815b5d995ab6217c7d9",
            "version": "==4.3.2"
        },
        "wcwidth": {
            "hash": "sha256:f4ebe71925af7b40a864553f761ed559b43544f8f71746c2d756c7fe788ade7c",
            "version": "==0.1.7"
        },
        "wrapt": {
            "hash": "sha256:42160c91b77f1bc64a955890038e02f2f72986c01d462d53cb6cb039b995cdd9",
            "version": "==1.10.10"
        }
    }
}